
Microsoft Visual Studio Solution File, Format Version 12.00
# Visual Studio Version 16
VisualStudioVersion = 16.0.30114.105
MinimumVisualStudioVersion = 10.0.40219.1
Project("{9A19103F-16F7-4668-BE54-9A1E7A4F7556}") = "ThisNetWorks.OrchardCore.OpenApi.ConsoleClient", "ThisNetWorks.OrchardCore.OpenApi.ConsoleClient.csproj", "{A611A5AC-1240-40BE-A666-5D715962B7DF}"
EndProject
Global
	GlobalSection(SolutionConfigurationPlatforms) = preSolution
		Debug|Any CPU = Debug|Any CPU
		Release|Any CPU = Release|Any CPU
	EndGlobalSection
	GlobalSection(ProjectConfigurationPlatforms) = postSolution
		{A611A5AC-1240-40BE-A666-5D715962B7DF}.Debug|Any CPU.ActiveCfg = Debug|Any CPU
		{A611A5AC-1240-40BE-A666-5D715962B7DF}.Debug|Any CPU.Build.0 = Debug|Any CPU
		{A611A5AC-1240-40BE-A666-5D715962B7DF}.Release|Any CPU.ActiveCfg = Release|Any CPU
		{A611A5AC-1240-40BE-A666-5D715962B7DF}.Release|Any CPU.Build.0 = Release|Any CPU
	EndGlobalSection
	GlobalSection(SolutionProperties) = preSolution
		HideSolutionNode = FALSE
	EndGlobalSection
	GlobalSection(ExtensibilityGlobals) = postSolution
		SolutionGuid = {598801B1-D09D-455F-B883-308B29F0533E}
	EndGlobalSection
EndGlobal
